// !$*UTF8*$!
{
	archiveVersion = 1;
	classes = {
	};
	objectVersion = 46;
	objects = {

/* Begin PBXBuildFile section */
		8C1E15FA65A746B2A96E8A36 /* libPods-CalculatorTests.a in Frameworks */ = {isa = PBXBuildFile; fileRef = 7B705502F949439B9489E016 /* libPods-CalculatorTests.a */; };
		91066EB11758C77E00EDE47A /* UIKit.framework in Frameworks */ = {isa = PBXBuildFile; fileRef = 91066EB01758C77E00EDE47A /* UIKit.framework */; };
		91066EB31758C77E00EDE47A /* Foundation.framework in Frameworks */ = {isa = PBXBuildFile; fileRef = 91066EB21758C77E00EDE47A /* Foundation.framework */; };
		91066EB51758C77E00EDE47A /* CoreGraphics.framework in Frameworks */ = {isa = PBXBuildFile; fileRef = 91066EB41758C77E00EDE47A /* CoreGraphics.framework */; };
		91066EBB1758C77E00EDE47A /* InfoPlist.strings in Resources */ = {isa = PBXBuildFile; fileRef = 91066EB91758C77E00EDE47A /* InfoPlist.strings */; };
		91066EBD1758C77E00EDE47A /* main.m in Sources */ = {isa = PBXBuildFile; fileRef = 91066EBC1758C77E00EDE47A /* main.m */; };
		91066EC11758C77E00EDE47A /* TWAppDelegate.m in Sources */ = {isa = PBXBuildFile; fileRef = 91066EC01758C77E00EDE47A /* TWAppDelegate.m */; };
		91066EC31758C77E00EDE47A /* Default.png in Resources */ = {isa = PBXBuildFile; fileRef = 91066EC21758C77E00EDE47A /* Default.png */; };
		91066EC51758C77E00EDE47A /* Default@2x.png in Resources */ = {isa = PBXBuildFile; fileRef = 91066EC41758C77E00EDE47A /* Default@2x.png */; };
		91066EC71758C77E00EDE47A /* Default-568h@2x.png in Resources */ = {isa = PBXBuildFile; fileRef = 91066EC61758C77E00EDE47A /* Default-568h@2x.png */; };
		91066ECA1758C77E00EDE47A /* MainStoryboard.storyboard in Resources */ = {isa = PBXBuildFile; fileRef = 91066EC81758C77E00EDE47A /* MainStoryboard.storyboard */; };
		91066ED81758C77E00EDE47A /* SenTestingKit.framework in Frameworks */ = {isa = PBXBuildFile; fileRef = 91066ED71758C77E00EDE47A /* SenTestingKit.framework */; };
		91066ED91758C77E00EDE47A /* UIKit.framework in Frameworks */ = {isa = PBXBuildFile; fileRef = 91066EB01758C77E00EDE47A /* UIKit.framework */; };
		91066EDA1758C77E00EDE47A /* Foundation.framework in Frameworks */ = {isa = PBXBuildFile; fileRef = 91066EB21758C77E00EDE47A /* Foundation.framework */; };
		91066EE21758C77E00EDE47A /* InfoPlist.strings in Resources */ = {isa = PBXBuildFile; fileRef = 91066EE01758C77E00EDE47A /* InfoPlist.strings */; };
		91066EF01758C97000EDE47A /* TWCalculatorViewController.m in Sources */ = {isa = PBXBuildFile; fileRef = 91066EEF1758C97000EDE47A /* TWCalculatorViewController.m */; };
		91066EF31758C98000EDE47A /* TWResultViewController.m in Sources */ = {isa = PBXBuildFile; fileRef = 91066EF21758C98000EDE47A /* TWResultViewController.m */; };
		91066EF61758CB1400EDE47A /* TWNumberValidator.m in Sources */ = {isa = PBXBuildFile; fileRef = 91066EF51758CB1400EDE47A /* TWNumberValidator.m */; };
		91066EF91758E8B000EDE47A /* NumberValidatorSpec.m in Sources */ = {isa = PBXBuildFile; fileRef = 91066EF81758E8B000EDE47A /* NumberValidatorSpec.m */; };
		EBC081F8CB94463F91F9CA2A /* libPods.a in Frameworks */ = {isa = PBXBuildFile; fileRef = 458A8DD9D8C64A1AB3F675B1 /* libPods.a */; };
/* End PBXBuildFile section */

/* Begin PBXContainerItemProxy section */
		91066EDB1758C77E00EDE47A /* PBXContainerItemProxy */ = {
			isa = PBXContainerItemProxy;
			containerPortal = 91066EA51758C77E00EDE47A /* Project object */;
			proxyType = 1;
			remoteGlobalIDString = 91066EAC1758C77E00EDE47A;
			remoteInfo = Calculator;
		};
/* End PBXContainerItemProxy section */

/* Begin PBXFileReference section */
		37120364A9794907B377C431 /* Pods-CalculatorTests.xcconfig */ = {isa = PBXFileReference; includeInIndex = 1; lastKnownFileType = text.xcconfig; name = "Pods-CalculatorTests.xcconfig"; path = "Pods/Pods-CalculatorTests.xcconfig"; sourceTree = SOURCE_ROOT; };
		458A8DD9D8C64A1AB3F675B1 /* libPods.a */ = {isa = PBXFileReference; explicitFileType = archive.ar; includeInIndex = 0; path = libPods.a; sourceTree = BUILT_PRODUCTS_DIR; };
		7B705502F949439B9489E016 /* libPods-CalculatorTests.a */ = {isa = PBXFileReference; explicitFileType = archive.ar; includeInIndex = 0; path = "libPods-CalculatorTests.a"; sourceTree = BUILT_PRODUCTS_DIR; };
		91066EAD1758C77E00EDE47A /* Calculator.app */ = {isa = PBXFileReference; explicitFileType = wrapper.application; includeInIndex = 0; path = Calculator.app; sourceTree = BUILT_PRODUCTS_DIR; };
		91066EB01758C77E00EDE47A /* UIKit.framework */ = {isa = PBXFileReference; lastKnownFileType = wrapper.framework; name = UIKit.framework; path = System/Library/Frameworks/UIKit.framework; sourceTree = SDKROOT; };
		91066EB21758C77E00EDE47A /* Foundation.framework */ = {isa = PBXFileReference; lastKnownFileType = wrapper.framework; name = Foundation.framework; path = System/Library/Frameworks/Foundation.framework; sourceTree = SDKROOT; };
		91066EB41758C77E00EDE47A /* CoreGraphics.framework */ = {isa = PBXFileReference; lastKnownFileType = wrapper.framework; name = CoreGraphics.framework; path = System/Library/Frameworks/CoreGraphics.framework; sourceTree = SDKROOT; };
		91066EB81758C77E00EDE47A /* Calculator-Info.plist */ = {isa = PBXFileReference; lastKnownFileType = text.plist.xml; path = "Calculator-Info.plist"; sourceTree = "<group>"; };
		91066EBA1758C77E00EDE47A /* en */ = {isa = PBXFileReference; lastKnownFileType = text.plist.strings; name = en; path = en.lproj/InfoPlist.strings; sourceTree = "<group>"; };
		91066EBC1758C77E00EDE47A /* main.m */ = {isa = PBXFileReference; lastKnownFileType = sourcecode.c.objc; path = main.m; sourceTree = "<group>"; };
		91066EBE1758C77E00EDE47A /* Calculator-Prefix.pch */ = {isa = PBXFileReference; lastKnownFileType = sourcecode.c.h; path = "Calculator-Prefix.pch"; sourceTree = "<group>"; };
		91066EBF1758C77E00EDE47A /* TWAppDelegate.h */ = {isa = PBXFileReference; lastKnownFileType = sourcecode.c.h; path = TWAppDelegate.h; sourceTree = "<group>"; };
		91066EC01758C77E00EDE47A /* TWAppDelegate.m */ = {isa = PBXFileReference; lastKnownFileType = sourcecode.c.objc; path = TWAppDelegate.m; sourceTree = "<group>"; };
		91066EC21758C77E00EDE47A /* Default.png */ = {isa = PBXFileReference; lastKnownFileType = image.png; path = Default.png; sourceTree = "<group>"; };
		91066EC41758C77E00EDE47A /* Default@2x.png */ = {isa = PBXFileReference; lastKnownFileType = image.png; path = "Default@2x.png"; sourceTree = "<group>"; };
		91066EC61758C77E00EDE47A /* Default-568h@2x.png */ = {isa = PBXFileReference; lastKnownFileType = image.png; path = "Default-568h@2x.png"; sourceTree = "<group>"; };
		91066EC91758C77E00EDE47A /* en */ = {isa = PBXFileReference; lastKnownFileType = file.storyboard; name = en; path = en.lproj/MainStoryboard.storyboard; sourceTree = "<group>"; };
		91066ED61758C77E00EDE47A /* CalculatorTests.octest */ = {isa = PBXFileReference; explicitFileType = wrapper.cfbundle; includeInIndex = 0; path = CalculatorTests.octest; sourceTree = BUILT_PRODUCTS_DIR; };
		91066ED71758C77E00EDE47A /* SenTestingKit.framework */ = {isa = PBXFileReference; lastKnownFileType = wrapper.framework; name = SenTestingKit.framework; path = Library/Frameworks/SenTestingKit.framework; sourceTree = DEVELOPER_DIR; };
		91066EDF1758C77E00EDE47A /* CalculatorTests-Info.plist */ = {isa = PBXFileReference; lastKnownFileType = text.plist.xml; path = "CalculatorTests-Info.plist"; sourceTree = "<group>"; };
		91066EE11758C77E00EDE47A /* en */ = {isa = PBXFileReference; lastKnownFileType = text.plist.strings; name = en; path = en.lproj/InfoPlist.strings; sourceTree = "<group>"; };
		91066EEE1758C97000EDE47A /* TWCalculatorViewController.h */ = {isa = PBXFileReference; fileEncoding = 4; lastKnownFileType = sourcecode.c.h; path = TWCalculatorViewController.h; sourceTree = "<group>"; };
		91066EEF1758C97000EDE47A /* TWCalculatorViewController.m */ = {isa = PBXFileReference; fileEncoding = 4; lastKnownFileType = sourcecode.c.objc; path = TWCalculatorViewController.m; sourceTree = "<group>"; };
		91066EF11758C98000EDE47A /* TWResultViewController.h */ = {isa = PBXFileReference; fileEncoding = 4; lastKnownFileType = sourcecode.c.h; path = TWResultViewController.h; sourceTree = "<group>"; };
		91066EF21758C98000EDE47A /* TWResultViewController.m */ = {isa = PBXFileReference; fileEncoding = 4; lastKnownFileType = sourcecode.c.objc; path = TWResultViewController.m; sourceTree = "<group>"; };
		91066EF41758CB1400EDE47A /* TWNumberValidator.h */ = {isa = PBXFileReference; fileEncoding = 4; lastKnownFileType = sourcecode.c.h; path = TWNumberValidator.h; sourceTree = "<group>"; };
		91066EF51758CB1400EDE47A /* TWNumberValidator.m */ = {isa = PBXFileReference; fileEncoding = 4; lastKnownFileType = sourcecode.c.objc; path = TWNumberValidator.m; sourceTree = "<group>"; };
		91066EF81758E8B000EDE47A /* NumberValidatorSpec.m */ = {isa = PBXFileReference; fileEncoding = 4; lastKnownFileType = sourcecode.c.objc; path = NumberValidatorSpec.m; sourceTree = "<group>"; };
		C30D2FB971E54E4287AB6F66 /* Pods.xcconfig */ = {isa = PBXFileReference; includeInIndex = 1; lastKnownFileType = text.xcconfig; name = Pods.xcconfig; path = Pods/Pods.xcconfig; sourceTree = SOURCE_ROOT; };
/* End PBXFileReference section */

/* Begin PBXFrameworksBuildPhase section */
		91066EAA1758C77E00EDE47A /* Frameworks */ = {
			isa = PBXFrameworksBuildPhase;
			buildActionMask = 2147483647;
			files = (
				91066EB11758C77E00EDE47A /* UIKit.framework in Frameworks */,
				91066EB31758C77E00EDE47A /* Foundation.framework in Frameworks */,
				91066EB51758C77E00EDE47A /* CoreGraphics.framework in Frameworks */,
				EBC081F8CB94463F91F9CA2A /* libPods.a in Frameworks */,
			);
			runOnlyForDeploymentPostprocessing = 0;
		};
		91066ED21758C77E00EDE47A /* Frameworks */ = {
			isa = PBXFrameworksBuildPhase;
			buildActionMask = 2147483647;
			files = (
				91066ED81758C77E00EDE47A /* SenTestingKit.framework in Frameworks */,
				91066ED91758C77E00EDE47A /* UIKit.framework in Frameworks */,
				91066EDA1758C77E00EDE47A /* Foundation.framework in Frameworks */,
				8C1E15FA65A746B2A96E8A36 /* libPods-CalculatorTests.a in Frameworks */,
			);
			runOnlyForDeploymentPostprocessing = 0;
		};
/* End PBXFrameworksBuildPhase section */

/* Begin PBXGroup section */
		91066EA41758C77E00EDE47A = {
			isa = PBXGroup;
			children = (
				91066EB61758C77E00EDE47A /* Calculator */,
				91066EDD1758C77E00EDE47A /* CalculatorTests */,
				91066EAF1758C77E00EDE47A /* Frameworks */,
				91066EAE1758C77E00EDE47A /* Products */,
				C30D2FB971E54E4287AB6F66 /* Pods.xcconfig */,
				37120364A9794907B377C431 /* Pods-CalculatorTests.xcconfig */,
			);
			sourceTree = "<group>";
		};
		91066EAE1758C77E00EDE47A /* Products */ = {
			isa = PBXGroup;
			children = (
				91066EAD1758C77E00EDE47A /* Calculator.app */,
				91066ED61758C77E00EDE47A /* CalculatorTests.octest */,
			);
			name = Products;
			sourceTree = "<group>";
		};
		91066EAF1758C77E00EDE47A /* Frameworks */ = {
			isa = PBXGroup;
			children = (
				91066EB01758C77E00EDE47A /* UIKit.framework */,
				91066EB21758C77E00EDE47A /* Foundation.framework */,
				91066EB41758C77E00EDE47A /* CoreGraphics.framework */,
				91066ED71758C77E00EDE47A /* SenTestingKit.framework */,
				458A8DD9D8C64A1AB3F675B1 /* libPods.a */,
				7B705502F949439B9489E016 /* libPods-CalculatorTests.a */,
			);
			name = Frameworks;
			sourceTree = "<group>";
		};
		91066EB61758C77E00EDE47A /* Calculator */ = {
			isa = PBXGroup;
			children = (
				91066EBF1758C77E00EDE47A /* TWAppDelegate.h */,
				91066EC01758C77E00EDE47A /* TWAppDelegate.m */,
				91066EC81758C77E00EDE47A /* MainStoryboard.storyboard */,
				91066EB71758C77E00EDE47A /* Supporting Files */,
				91066EEE1758C97000EDE47A /* TWCalculatorViewController.h */,
				91066EEF1758C97000EDE47A /* TWCalculatorViewController.m */,
				91066EF11758C98000EDE47A /* TWResultViewController.h */,
				91066EF21758C98000EDE47A /* TWResultViewController.m */,
				91066EF41758CB1400EDE47A /* TWNumberValidator.h */,
				91066EF51758CB1400EDE47A /* TWNumberValidator.m */,
			);
			path = Calculator;
			sourceTree = "<group>";
		};
		91066EB71758C77E00EDE47A /* Supporting Files */ = {
			isa = PBXGroup;
			children = (
				91066EB81758C77E00EDE47A /* Calculator-Info.plist */,
				91066EB91758C77E00EDE47A /* InfoPlist.strings */,
				91066EBC1758C77E00EDE47A /* main.m */,
				91066EBE1758C77E00EDE47A /* Calculator-Prefix.pch */,
				91066EC21758C77E00EDE47A /* Default.png */,
				91066EC41758C77E00EDE47A /* Default@2x.png */,
				91066EC61758C77E00EDE47A /* Default-568h@2x.png */,
			);
			name = "Supporting Files";
			sourceTree = "<group>";
		};
		91066EDD1758C77E00EDE47A /* CalculatorTests */ = {
			isa = PBXGroup;
			children = (
				91066EDE1758C77E00EDE47A /* Supporting Files */,
				91066EF81758E8B000EDE47A /* NumberValidatorSpec.m */,
			);
			path = CalculatorTests;
			sourceTree = "<group>";
		};
		91066EDE1758C77E00EDE47A /* Supporting Files */ = {
			isa = PBXGroup;
			children = (
				91066EDF1758C77E00EDE47A /* CalculatorTests-Info.plist */,
				91066EE01758C77E00EDE47A /* InfoPlist.strings */,
			);
			name = "Supporting Files";
			sourceTree = "<group>";
		};
/* End PBXGroup section */

/* Begin PBXNativeTarget section */
		91066EAC1758C77E00EDE47A /* Calculator */ = {
			isa = PBXNativeTarget;
			buildConfigurationList = 91066EE81758C77E00EDE47A /* Build configuration list for PBXNativeTarget "Calculator" */;
			buildPhases = (
				FCCFDCC543A546F69AED0570 /* Check Pods Manifest.lock */,
				91066EA91758C77E00EDE47A /* Sources */,
				91066EAA1758C77E00EDE47A /* Frameworks */,
				91066EAB1758C77E00EDE47A /* Resources */,
				1883A0B101164C9F81623F88 /* Copy Pods Resources */,
			);
			buildRules = (
			);
			dependencies = (
			);
			name = Calculator;
			productName = Calculator;
			productReference = 91066EAD1758C77E00EDE47A /* Calculator.app */;
			productType = "com.apple.product-type.application";
		};
		91066ED51758C77E00EDE47A /* CalculatorTests */ = {
			isa = PBXNativeTarget;
			buildConfigurationList = 91066EEB1758C77E00EDE47A /* Build configuration list for PBXNativeTarget "CalculatorTests" */;
			buildPhases = (
				B2EE02FB62614AD88BF3DF8E /* Check Pods Manifest.lock */,
				91066ED11758C77E00EDE47A /* Sources */,
				91066ED21758C77E00EDE47A /* Frameworks */,
				91066ED31758C77E00EDE47A /* Resources */,
				91066ED41758C77E00EDE47A /* ShellScript */,
				592FE633914C4107B5D01E04 /* Copy Pods Resources */,
			);
			buildRules = (
			);
			dependencies = (
				91066EDC1758C77E00EDE47A /* PBXTargetDependency */,
			);
			name = CalculatorTests;
			productName = CalculatorTests;
			productReference = 91066ED61758C77E00EDE47A /* CalculatorTests.octest */;
			productType = "com.apple.product-type.bundle";
		};
/* End PBXNativeTarget section */

/* Begin PBXProject section */
		91066EA51758C77E00EDE47A /* Project object */ = {
			isa = PBXProject;
			attributes = {
				CLASSPREFIX = TW;
				LastUpgradeCheck = 0460;
				ORGANIZATIONNAME = ThoughtWorks;
			};
			buildConfigurationList = 91066EA81758C77E00EDE47A /* Build configuration list for PBXProject "Calculator" */;
			compatibilityVersion = "Xcode 3.2";
			developmentRegion = English;
			hasScannedForEncodings = 0;
			knownRegions = (
				en,
			);
			mainGroup = 91066EA41758C77E00EDE47A;
			productRefGroup = 91066EAE1758C77E00EDE47A /* Products */;
			projectDirPath = "";
			projectRoot = "";
			targets = (
				91066EAC1758C77E00EDE47A /* Calculator */,
				91066ED51758C77E00EDE47A /* CalculatorTests */,
			);
		};
/* End PBXProject section */

/* Begin PBXResourcesBuildPhase section */
		91066EAB1758C77E00EDE47A /* Resources */ = {
			isa = PBXResourcesBuildPhase;
			buildActionMask = 2147483647;
			files = (
				91066EBB1758C77E00EDE47A /* InfoPlist.strings in Resources */,
				91066EC31758C77E00EDE47A /* Default.png in Resources */,
				91066EC51758C77E00EDE47A /* Default@2x.png in Resources */,
				91066EC71758C77E00EDE47A /* Default-568h@2x.png in Resources */,
				91066ECA1758C77E00EDE47A /* MainStoryboard.storyboard in Resources */,
			);
			runOnlyForDeploymentPostprocessing = 0;
		};
		91066ED31758C77E00EDE47A /* Resources */ = {
			isa = PBXResourcesBuildPhase;
			buildActionMask = 2147483647;
			files = (
				91066EE21758C77E00EDE47A /* InfoPlist.strings in Resources */,
			);
			runOnlyForDeploymentPostprocessing = 0;
		};
/* End PBXResourcesBuildPhase section */

/* Begin PBXShellScriptBuildPhase section */
		1883A0B101164C9F81623F88 /* Copy Pods Resources */ = {
			isa = PBXShellScriptBuildPhase;
			buildActionMask = 2147483647;
			files = (
			);
			inputPaths = (
			);
			name = "Copy Pods Resources";
			outputPaths = (
			);
			runOnlyForDeploymentPostprocessing = 0;
			shellPath = /bin/sh;
			shellScript = "\"${SRCROOT}/Pods/Pods-resources.sh\"\n";
		};
		592FE633914C4107B5D01E04 /* Copy Pods Resources */ = {
			isa = PBXShellScriptBuildPhase;
			buildActionMask = 2147483647;
			files = (
			);
			inputPaths = (
			);
			name = "Copy Pods Resources";
			outputPaths = (
			);
			runOnlyForDeploymentPostprocessing = 0;
			shellPath = /bin/sh;
			shellScript = "\"${SRCROOT}/Pods/Pods-CalculatorTests-resources.sh\"\n";
		};
		91066ED41758C77E00EDE47A /* ShellScript */ = {
			isa = PBXShellScriptBuildPhase;
			buildActionMask = 2147483647;
			files = (
			);
			inputPaths = (
			);
			outputPaths = (
			);
			runOnlyForDeploymentPostprocessing = 0;
			shellPath = /bin/sh;
			shellScript = "# Run the unit tests in this test bundle.\n\"${SYSTEM_DEVELOPER_DIR}/Tools/RunUnitTests\"\n";
		};
		B2EE02FB62614AD88BF3DF8E /* Check Pods Manifest.lock */ = {
			isa = PBXShellScriptBuildPhase;
			buildActionMask = 2147483647;
			files = (
			);
			inputPaths = (
			);
			name = "Check Pods Manifest.lock";
			outputPaths = (
			);
			runOnlyForDeploymentPostprocessing = 0;
			shellPath = /bin/sh;
			shellScript = "diff \"${PODS_ROOT}/../Podfile.lock\" \"${PODS_ROOT}/Manifest.lock\" > /dev/null\nif [[ $? != 0 ]] ; then\n    cat << EOM\nerror: The sandbox is not in sync with the Podfile.lock. Run 'pod install' or update your CocoaPods installation.\nEOM\n    exit 1\nfi\n";
		};
		FCCFDCC543A546F69AED0570 /* Check Pods Manifest.lock */ = {
			isa = PBXShellScriptBuildPhase;
			buildActionMask = 2147483647;
			files = (
			);
			inputPaths = (
			);
			name = "Check Pods Manifest.lock";
			outputPaths = (
			);
			runOnlyForDeploymentPostprocessing = 0;
			shellPath = /bin/sh;
			shellScript = "diff \"${PODS_ROOT}/../Podfile.lock\" \"${PODS_ROOT}/Manifest.lock\" > /dev/null\nif [[ $? != 0 ]] ; then\n    cat << EOM\nerror: The sandbox is not in sync with the Podfile.lock. Run 'pod install' or update your CocoaPods installation.\nEOM\n    exit 1\nfi\n";
		};
/* End PBXShellScriptBuildPhase section */

/* Begin PBXSourcesBuildPhase section */
		91066EA91758C77E00EDE47A /* Sources */ = {
			isa = PBXSourcesBuildPhase;
			buildActionMask = 2147483647;
			files = (
				91066EBD1758C77E00EDE47A /* main.m in Sources */,
				91066EC11758C77E00EDE47A /* TWAppDelegate.m in Sources */,
				91066EF01758C97000EDE47A /* TWCalculatorViewController.m in Sources */,
				91066EF31758C98000EDE47A /* TWResultViewController.m in Sources */,
				91066EF61758CB1400EDE47A /* TWNumberValidator.m in Sources */,
			);
			runOnlyForDeploymentPostprocessing = 0;
		};
		91066ED11758C77E00EDE47A /* Sources */ = {
			isa = PBXSourcesBuildPhase;
			buildActionMask = 2147483647;
			files = (
				91066EF91758E8B000EDE47A /* NumberValidatorSpec.m in Sources */,
			);
			runOnlyForDeploymentPostprocessing = 0;
		};
/* End PBXSourcesBuildPhase section */

/* Begin PBXTargetDependency section */
		91066EDC1758C77E00EDE47A /* PBXTargetDependency */ = {
			isa = PBXTargetDependency;
			target = 91066EAC1758C77E00EDE47A /* Calculator */;
			targetProxy = 91066EDB1758C77E00EDE47A /* PBXContainerItemProxy */;
		};
/* End PBXTargetDependency section */

/* Begin PBXVariantGroup section */
		91066EB91758C77E00EDE47A /* InfoPlist.strings */ = {
			isa = PBXVariantGroup;
			children = (
				91066EBA1758C77E00EDE47A /* en */,
			);
			name = InfoPlist.strings;
			sourceTree = "<group>";
		};
		91066EC81758C77E00EDE47A /* MainStoryboard.storyboard */ = {
			isa = PBXVariantGroup;
			children = (
				91066EC91758C77E00EDE47A /* en */,
			);
			name = MainStoryboard.storyboard;
			sourceTree = "<group>";
		};
		91066EE01758C77E00EDE47A /* InfoPlist.strings */ = {
			isa = PBXVariantGroup;
			children = (
				91066EE11758C77E00EDE47A /* en */,
			);
			name = InfoPlist.strings;
			sourceTree = "<group>";
		};
/* End PBXVariantGroup section */

/* Begin XCBuildConfiguration section */
		91066EE61758C77E00EDE47A /* Debug */ = {
			isa = XCBuildConfiguration;
			buildSettings = {
				ALWAYS_SEARCH_USER_PATHS = NO;
				CLANG_CXX_LANGUAGE_STANDARD = "gnu++0x";
				CLANG_CXX_LIBRARY = "libc++";
				CLANG_ENABLE_OBJC_ARC = YES;
				CLANG_WARN_CONSTANT_CONVERSION = YES;
				CLANG_WARN_EMPTY_BODY = YES;
				CLANG_WARN_ENUM_CONVERSION = YES;
				CLANG_WARN_INT_CONVERSION = YES;
				CLANG_WARN__DUPLICATE_METHOD_MATCH = YES;
				"CODE_SIGN_IDENTITY[sdk=iphoneos*]" = "iPhone Developer";
				COPY_PHASE_STRIP = NO;
				GCC_C_LANGUAGE_STANDARD = gnu99;
				GCC_DYNAMIC_NO_PIC = NO;
				GCC_OPTIMIZATION_LEVEL = 0;
				GCC_PREPROCESSOR_DEFINITIONS = (
					"DEBUG=1",
					"$(inherited)",
				);
				GCC_SYMBOLS_PRIVATE_EXTERN = NO;
				GCC_WARN_ABOUT_RETURN_TYPE = YES;
				GCC_WARN_UNINITIALIZED_AUTOS = YES;
				GCC_WARN_UNUSED_VARIABLE = YES;
				IPHONEOS_DEPLOYMENT_TARGET = 6.1;
				ONLY_ACTIVE_ARCH = YES;
				SDKROOT = iphoneos;
			};
			name = Debug;
		};
		91066EE71758C77E00EDE47A /* Release */ = {
			isa = XCBuildConfiguration;
			buildSettings = {
				ALWAYS_SEARCH_USER_PATHS = NO;
				CLANG_CXX_LANGUAGE_STANDARD = "gnu++0x";
				CLANG_CXX_LIBRARY = "libc++";
				CLANG_ENABLE_OBJC_ARC = YES;
				CLANG_WARN_CONSTANT_CONVERSION = YES;
				CLANG_WARN_EMPTY_BODY = YES;
				CLANG_WARN_ENUM_CONVERSION = YES;
				CLANG_WARN_INT_CONVERSION = YES;
				CLANG_WARN__DUPLICATE_METHOD_MATCH = YES;
				"CODE_SIGN_IDENTITY[sdk=iphoneos*]" = "iPhone Developer";
				COPY_PHASE_STRIP = YES;
				GCC_C_LANGUAGE_STANDARD = gnu99;
				GCC_WARN_ABOUT_RETURN_TYPE = YES;
				GCC_WARN_UNINITIALIZED_AUTOS = YES;
				GCC_WARN_UNUSED_VARIABLE = YES;
				IPHONEOS_DEPLOYMENT_TARGET = 6.1;
				OTHER_CFLAGS = "-DNS_BLOCK_ASSERTIONS=1";
				SDKROOT = iphoneos;
				VALIDATE_PRODUCT = YES;
			};
			name = Release;
		};
		91066EE91758C77E00EDE47A /* Debug */ = {
			isa = XCBuildConfiguration;
			baseConfigurationReference = C30D2FB971E54E4287AB6F66 /* Pods.xcconfig */;
			buildSettings = {
				FRAMEWORK_SEARCH_PATHS = "$(inherited)";
				GCC_PRECOMPILE_PREFIX_HEADER = YES;
				GCC_PREFIX_HEADER = "Calculator/Calculator-Prefix.pch";
				INFOPLIST_FILE = "Calculator/Calculator-Info.plist";
				PRODUCT_NAME = "$(TARGET_NAME)";
				WRAPPER_EXTENSION = app;
			};
			name = Debug;
		};
		91066EEA1758C77E00EDE47A /* Release */ = {
			isa = XCBuildConfiguration;
			baseConfigurationReference = C30D2FB971E54E4287AB6F66 /* Pods.xcconfig */;
			buildSettings = {
				FRAMEWORK_SEARCH_PATHS = "$(inherited)";
				GCC_PRECOMPILE_PREFIX_HEADER = YES;
				GCC_PREFIX_HEADER = "Calculator/Calculator-Prefix.pch";
				INFOPLIST_FILE = "Calculator/Calculator-Info.plist";
				PRODUCT_NAME = "$(TARGET_NAME)";
				WRAPPER_EXTENSION = app;
			};
			name = Release;
		};
		91066EEC1758C77E00EDE47A /* Debug */ = {
			isa = XCBuildConfiguration;
			baseConfigurationReference = 37120364A9794907B377C431 /* Pods-CalculatorTests.xcconfig */;
			buildSettings = {
				BUNDLE_LOADER = "$(BUILT_PRODUCTS_DIR)/Calculator.app/Calculator";
				FRAMEWORK_SEARCH_PATHS = "$(inherited)";
				GCC_PRECOMPILE_PREFIX_HEADER = YES;
				GCC_PREFIX_HEADER = "Calculator/Calculator-Prefix.pch";
				INFOPLIST_FILE = "CalculatorTests/CalculatorTests-Info.plist";
				PRODUCT_NAME = "$(TARGET_NAME)";
				TEST_HOST = "$(BUNDLE_LOADER)";
				WRAPPER_EXTENSION = octest;
			};
			name = Debug;
		};
		91066EED1758C77E00EDE47A /* Release */ = {
			isa = XCBuildConfiguration;
			baseConfigurationReference = 37120364A9794907B377C431 /* Pods-CalculatorTests.xcconfig */;
			buildSettings = {
				BUNDLE_LOADER = "$(BUILT_PRODUCTS_DIR)/Calculator.app/Calculator";
				FRAMEWORK_SEARCH_PATHS = "$(inherited)";
				GCC_PRECOMPILE_PREFIX_HEADER = YES;
				GCC_PREFIX_HEADER = "Calculator/Calculator-Prefix.pch";
				INFOPLIST_FILE = "CalculatorTests/CalculatorTests-Info.plist";
				PRODUCT_NAME = "$(TARGET_NAME)";
				TEST_HOST = "$(BUNDLE_LOADER)";
				WRAPPER_EXTENSION = octest;
			};
			name = Release;
		};
/* End XCBuildConfiguration section */

/* Begin XCConfigurationList section */
		91066EA81758C77E00EDE47A /* Build configuration list for PBXProject "Calculator" */ = {
			isa = XCConfigurationList;
			buildConfigurations = (
				91066EE61758C77E00EDE47A /* Debug */,
				91066EE71758C77E00EDE47A /* Release */,
			);
			defaultConfigurationIsVisible = 0;
			defaultConfigurationName = Release;
		};
		91066EE81758C77E00EDE47A /* Build configuration list for PBXNativeTarget "Calculator" */ = {
			isa = XCConfigurationList;
			buildConfigurations = (
				91066EE91758C77E00EDE47A /* Debug */,
				91066EEA1758C77E00EDE47A /* Release */,
			);
			defaultConfigurationIsVisible = 0;
			defaultConfigurationName = Release;
		};
		91066EEB1758C77E00EDE47A /* Build configuration list for PBXNativeTarget "CalculatorTests" */ = {
			isa = XCConfigurationList;
			buildConfigurations = (
				91066EEC1758C77E00EDE47A /* Debug */,
				91066EED1758C77E00EDE47A /* Release */,
			);
			defaultConfigurationIsVisible = 0;
			defaultConfigurationName = Release;
		};
/* End XCConfigurationList section */
	};
	rootObject = 91066EA51758C77E00EDE47A /* Project object */;
}
